
Microsoft Visual Studio Solution File, Format Version 12.00
# Visual Studio Version 17
VisualStudioVersion = 17.10.35122.118
MinimumVisualStudioVersion = 10.0.40219.1
Project("{8BC9CEB8-8B4A-11D0-8D11-00A0C91BC942}") = "d7", "d7.vcxproj", "{21C7AC52-06D2-4979-ACEA-2B17810746FD}"
EndProject
Global
	GlobalSection(SolutionConfigurationPlatforms) = preSolution
		Debug|x64 = Debug|x64
		Debug|x86 = Debug|x86
		Release|x64 = Release|x64
		Release|x86 = Release|x86
	EndGlobalSection
	GlobalSection(ProjectConfigurationPlatforms) = postSolution
		{21C7AC52-06D2-4979-ACEA-2B17810746FD}.Debug|x64.ActiveCfg = Debug|x64
		{21C7AC52-06D2-4979-ACEA-2B17810746FD}.Debug|x64.Build.0 = Debug|x64
		{21C7AC52-06D2-4979-ACEA-2B17810746FD}.Debug|x86.ActiveCfg = Debug|Win32
		{21C7AC52-06D2-4979-ACEA-2B17810746FD}.Debug|x86.Build.0 = Debug|Win32
		{21C7AC52-06D2-4979-ACEA-2B17810746FD}.Release|x64.ActiveCfg = Release|x64
		{21C7AC52-06D2-4979-ACEA-2B17810746FD}.Release|x64.Build.0 = Release|x64
		{21C7AC52-06D2-4979-ACEA-2B17810746FD}.Release|x86.ActiveCfg = Release|Win32
		{21C7AC52-06D2-4979-ACEA-2B17810746FD}.Release|x86.Build.0 = Release|Win32
	EndGlobalSection
	GlobalSection(SolutionProperties) = preSolution
		HideSolutionNode = FALSE
	EndGlobalSection
	GlobalSection(ExtensibilityGlobals) = postSolution
		SolutionGuid = {631441C9-3D62-42E0-B5B9-AAC324C6F508}
	EndGlobalSection
EndGlobal
