
Microsoft Visual Studio Solution File, Format Version 12.00
# Visual Studio Version 17
VisualStudioVersion = 17.8.34511.84
MinimumVisualStudioVersion = 10.0.40219.1
Project("{8BC9CEB8-8B4A-11D0-8D11-00A0C91BC942}") = "d12", "d12.vcxproj", "{99ECBD3E-BFE4-4C9C-B934-AD860986C1B8}"
EndProject
Global
	GlobalSection(SolutionConfigurationPlatforms) = preSolution
		Debug|x64 = Debug|x64
		Debug|x86 = Debug|x86
		Release|x64 = Release|x64
		Release|x86 = Release|x86
	EndGlobalSection
	GlobalSection(ProjectConfigurationPlatforms) = postSolution
		{99ECBD3E-BFE4-4C9C-B934-AD860986C1B8}.Debug|x64.ActiveCfg = Debug|x64
		{99ECBD3E-BFE4-4C9C-B934-AD860986C1B8}.Debug|x64.Build.0 = Debug|x64
		{99ECBD3E-BFE4-4C9C-B934-AD860986C1B8}.Debug|x86.ActiveCfg = Debug|Win32
		{99ECBD3E-BFE4-4C9C-B934-AD860986C1B8}.Debug|x86.Build.0 = Debug|Win32
		{99ECBD3E-BFE4-4C9C-B934-AD860986C1B8}.Release|x64.ActiveCfg = Release|x64
		{99ECBD3E-BFE4-4C9C-B934-AD860986C1B8}.Release|x64.Build.0 = Release|x64
		{99ECBD3E-BFE4-4C9C-B934-AD860986C1B8}.Release|x86.ActiveCfg = Release|Win32
		{99ECBD3E-BFE4-4C9C-B934-AD860986C1B8}.Release|x86.Build.0 = Release|Win32
	EndGlobalSection
	GlobalSection(SolutionProperties) = preSolution
		HideSolutionNode = FALSE
	EndGlobalSection
	GlobalSection(ExtensibilityGlobals) = postSolution
		SolutionGuid = {7AB706F2-C790-4F60-A20B-1A794FBCB9BA}
	EndGlobalSection
EndGlobal
